// !$*UTF8*$!
{
	archiveVersion = 1;
	classes = {
	};
	objectVersion = 56;
	objects = {

/* Begin PBXBuildFile section */
		357641FC2BB4BDB4006DBFAF /* EchoViewDemoApp.swift in Sources */ = {isa = PBXBuildFile; fileRef = 357641FB2BB4BDB4006DBFAF /* EchoViewDemoApp.swift */; };
		357641FE2BB4BDB4006DBFAF /* ContentView.swift in Sources */ = {isa = PBXBuildFile; fileRef = 357641FD2BB4BDB4006DBFAF /* ContentView.swift */; };
		357642002BB4BDB5006DBFAF /* Assets.xcassets in Resources */ = {isa = PBXBuildFile; fileRef = 357641FF2BB4BDB5006DBFAF /* Assets.xcassets */; };
		357642032BB4BDB5006DBFAF /* Preview Assets.xcassets in Resources */ = {isa = PBXBuildFile; fileRef = 357642022BB4BDB5006DBFAF /* Preview Assets.xcassets */; };
		3576420D2BB4BDB5006DBFAF /* EchoViewDemoTests.swift in Sources */ = {isa = PBXBuildFile; fileRef = 3576420C2BB4BDB5006DBFAF /* EchoViewDemoTests.swift */; };
		357642172BB4BDB5006DBFAF /* EchoViewDemoUITests.swift in Sources */ = {isa = PBXBuildFile; fileRef = 357642162BB4BDB5006DBFAF /* EchoViewDemoUITests.swift */; };
		357642192BB4BDB5006DBFAF /* EchoViewDemoUITestsLaunchTests.swift in Sources */ = {isa = PBXBuildFile; fileRef = 357642182BB4BDB5006DBFAF /* EchoViewDemoUITestsLaunchTests.swift */; };
		3576422C2BB4BE70006DBFAF /* TranscriptionView.swift in Sources */ = {isa = PBXBuildFile; fileRef = 357642272BB4BE70006DBFAF /* TranscriptionView.swift */; };
		3576422D2BB4BE70006DBFAF /* PersistenceController.swift in Sources */ = {isa = PBXBuildFile; fileRef = 357642282BB4BE70006DBFAF /* PersistenceController.swift */; };
		3576422E2BB4BE70006DBFAF /* TranscriptionHistoryView.swift in Sources */ = {isa = PBXBuildFile; fileRef = 357642292BB4BE70006DBFAF /* TranscriptionHistoryView.swift */; };
		3576422F2BB4BE70006DBFAF /* TranscriptionDetail.swift in Sources */ = {isa = PBXBuildFile; fileRef = 3576422A2BB4BE70006DBFAF /* TranscriptionDetail.swift */; };
		357642302BB4BE70006DBFAF /* TranscriptionDetailView.swift in Sources */ = {isa = PBXBuildFile; fileRef = 3576422B2BB4BE70006DBFAF /* TranscriptionDetailView.swift */; };
		357642322BB4BE7A006DBFAF /* BluetoothManager.swift in Sources */ = {isa = PBXBuildFile; fileRef = 357642312BB4BE7A006DBFAF /* BluetoothManager.swift */; };
		357642342BB4BE83006DBFAF /* HomePageView.swift in Sources */ = {isa = PBXBuildFile; fileRef = 357642332BB4BE83006DBFAF /* HomePageView.swift */; };
		357642372BB4BEE2006DBFAF /* Transcription.xcdatamodeld in Sources */ = {isa = PBXBuildFile; fileRef = 357642352BB4BEE2006DBFAF /* Transcription.xcdatamodeld */; };
/* End PBXBuildFile section */

/* Begin PBXContainerItemProxy section */
		357642092BB4BDB5006DBFAF /* PBXContainerItemProxy */ = {
			isa = PBXContainerItemProxy;
			containerPortal = 357641F02BB4BDB4006DBFAF /* Project object */;
			proxyType = 1;
			remoteGlobalIDString = 357641F72BB4BDB4006DBFAF;
			remoteInfo = EchoViewDemo;
		};
		357642132BB4BDB5006DBFAF /* PBXContainerItemProxy */ = {
			isa = PBXContainerItemProxy;
			containerPortal = 357641F02BB4BDB4006DBFAF /* Project object */;
			proxyType = 1;
			remoteGlobalIDString = 357641F72BB4BDB4006DBFAF;
			remoteInfo = EchoViewDemo;
		};
/* End PBXContainerItemProxy section */

/* Begin PBXFileReference section */
		357641F82BB4BDB4006DBFAF /* EchoViewDemo.app */ = {isa = PBXFileReference; explicitFileType = wrapper.application; includeInIndex = 0; path = EchoViewDemo.app; sourceTree = BUILT_PRODUCTS_DIR; };
		357641FB2BB4BDB4006DBFAF /* EchoViewDemoApp.swift */ = {isa = PBXFileReference; lastKnownFileType = sourcecode.swift; path = EchoViewDemoApp.swift; sourceTree = "<group>"; };
		357641FD2BB4BDB4006DBFAF /* ContentView.swift */ = {isa = PBXFileReference; lastKnownFileType = sourcecode.swift; path = ContentView.swift; sourceTree = "<group>"; };
		357641FF2BB4BDB5006DBFAF /* Assets.xcassets */ = {isa = PBXFileReference; lastKnownFileType = folder.assetcatalog; path = Assets.xcassets; sourceTree = "<group>"; };
		357642022BB4BDB5006DBFAF /* Preview Assets.xcassets */ = {isa = PBXFileReference; lastKnownFileType = folder.assetcatalog; path = "Preview Assets.xcassets"; sourceTree = "<group>"; };
		357642082BB4BDB5006DBFAF /* EchoViewDemoTests.xctest */ = {isa = PBXFileReference; explicitFileType = wrapper.cfbundle; includeInIndex = 0; path = EchoViewDemoTests.xctest; sourceTree = BUILT_PRODUCTS_DIR; };
		3576420C2BB4BDB5006DBFAF /* EchoViewDemoTests.swift */ = {isa = PBXFileReference; lastKnownFileType = sourcecode.swift; path = EchoViewDemoTests.swift; sourceTree = "<group>"; };
		357642122BB4BDB5006DBFAF /* EchoViewDemoUITests.xctest */ = {isa = PBXFileReference; explicitFileType = wrapper.cfbundle; includeInIndex = 0; path = EchoViewDemoUITests.xctest; sourceTree = BUILT_PRODUCTS_DIR; };
		357642162BB4BDB5006DBFAF /* EchoViewDemoUITests.swift */ = {isa = PBXFileReference; lastKnownFileType = sourcecode.swift; path = EchoViewDemoUITests.swift; sourceTree = "<group>"; };
		357642182BB4BDB5006DBFAF /* EchoViewDemoUITestsLaunchTests.swift */ = {isa = PBXFileReference; lastKnownFileType = sourcecode.swift; path = EchoViewDemoUITestsLaunchTests.swift; sourceTree = "<group>"; };
		357642272BB4BE70006DBFAF /* TranscriptionView.swift */ = {isa = PBXFileReference; fileEncoding = 4; lastKnownFileType = sourcecode.swift; name = TranscriptionView.swift; path = "../../../Downloads/No subject attachments/TranscriptionView.swift"; sourceTree = "<group>"; };
		357642282BB4BE70006DBFAF /* PersistenceController.swift */ = {isa = PBXFileReference; fileEncoding = 4; lastKnownFileType = sourcecode.swift; path = PersistenceController.swift; sourceTree = "<group>"; };
		357642292BB4BE70006DBFAF /* TranscriptionHistoryView.swift */ = {isa = PBXFileReference; fileEncoding = 4; lastKnownFileType = sourcecode.swift; path = TranscriptionHistoryView.swift; sourceTree = "<group>"; };
		3576422A2BB4BE70006DBFAF /* TranscriptionDetail.swift */ = {isa = PBXFileReference; fileEncoding = 4; lastKnownFileType = sourcecode.swift; path = TranscriptionDetail.swift; sourceTree = "<group>"; };
		3576422B2BB4BE70006DBFAF /* TranscriptionDetailView.swift */ = {isa = PBXFileReference; fileEncoding = 4; lastKnownFileType = sourcecode.swift; path = TranscriptionDetailView.swift; sourceTree = "<group>"; };
		357642312BB4BE7A006DBFAF /* BluetoothManager.swift */ = {isa = PBXFileReference; fileEncoding = 4; lastKnownFileType = sourcecode.swift; path = BluetoothManager.swift; sourceTree = "<group>"; };
		357642332BB4BE83006DBFAF /* HomePageView.swift */ = {isa = PBXFileReference; fileEncoding = 4; lastKnownFileType = sourcecode.swift; path = HomePageView.swift; sourceTree = "<group>"; };
		357642362BB4BEE2006DBFAF /* Transcription.xcdatamodel */ = {isa = PBXFileReference; lastKnownFileType = wrapper.xcdatamodel; path = Transcription.xcdatamodel; sourceTree = "<group>"; };
		357642382BB4BF59006DBFAF /* Info.plist */ = {isa = PBXFileReference; lastKnownFileType = text.plist; path = Info.plist; sourceTree = "<group>"; };
/* End PBXFileReference section */

/* Begin PBXFrameworksBuildPhase section */
		357641F52BB4BDB4006DBFAF /* Frameworks */ = {
			isa = PBXFrameworksBuildPhase;
			buildActionMask = 2147483647;
			files = (
			);
			runOnlyForDeploymentPostprocessing = 0;
		};
		357642052BB4BDB5006DBFAF /* Frameworks */ = {
			isa = PBXFrameworksBuildPhase;
			buildActionMask = 2147483647;
			files = (
			);
			runOnlyForDeploymentPostprocessing = 0;
		};
		3576420F2BB4BDB5006DBFAF /* Frameworks */ = {
			isa = PBXFrameworksBuildPhase;
			buildActionMask = 2147483647;
			files = (
			);
			runOnlyForDeploymentPostprocessing = 0;
		};
/* End PBXFrameworksBuildPhase section */

/* Begin PBXGroup section */
		357641EF2BB4BDB4006DBFAF = {
			isa = PBXGroup;
			children = (
				357641FA2BB4BDB4006DBFAF /* EchoViewDemo */,
				3576420B2BB4BDB5006DBFAF /* EchoViewDemoTests */,
				357642152BB4BDB5006DBFAF /* EchoViewDemoUITests */,
				357641F92BB4BDB4006DBFAF /* Products */,
			);
			sourceTree = "<group>";
		};
		357641F92BB4BDB4006DBFAF /* Products */ = {
			isa = PBXGroup;
			children = (
				357641F82BB4BDB4006DBFAF /* EchoViewDemo.app */,
				357642082BB4BDB5006DBFAF /* EchoViewDemoTests.xctest */,
				357642122BB4BDB5006DBFAF /* EchoViewDemoUITests.xctest */,
			);
			name = Products;
			sourceTree = "<group>";
		};
		357641FA2BB4BDB4006DBFAF /* EchoViewDemo */ = {
			isa = PBXGroup;
			children = (
				357642382BB4BF59006DBFAF /* Info.plist */,
				357641FB2BB4BDB4006DBFAF /* EchoViewDemoApp.swift */,
				357642312BB4BE7A006DBFAF /* BluetoothManager.swift */,
				357642332BB4BE83006DBFAF /* HomePageView.swift */,
				357642282BB4BE70006DBFAF /* PersistenceController.swift */,
				3576422A2BB4BE70006DBFAF /* TranscriptionDetail.swift */,
				3576422B2BB4BE70006DBFAF /* TranscriptionDetailView.swift */,
				357642292BB4BE70006DBFAF /* TranscriptionHistoryView.swift */,
				357642272BB4BE70006DBFAF /* TranscriptionView.swift */,
				357641FD2BB4BDB4006DBFAF /* ContentView.swift */,
				357642352BB4BEE2006DBFAF /* Transcription.xcdatamodeld */,
				357641FF2BB4BDB5006DBFAF /* Assets.xcassets */,
				357642012BB4BDB5006DBFAF /* Preview Content */,
			);
			path = EchoViewDemo;
			sourceTree = "<group>";
		};
		357642012BB4BDB5006DBFAF /* Preview Content */ = {
			isa = PBXGroup;
			children = (
				357642022BB4BDB5006DBFAF /* Preview Assets.xcassets */,
			);
			path = "Preview Content";
			sourceTree = "<group>";
		};
		3576420B2BB4BDB5006DBFAF /* EchoViewDemoTests */ = {
			isa = PBXGroup;
			children = (
				3576420C2BB4BDB5006DBFAF /* EchoViewDemoTests.swift */,
			);
			path = EchoViewDemoTests;
			sourceTree = "<group>";
		};
		357642152BB4BDB5006DBFAF /* EchoViewDemoUITests */ = {
			isa = PBXGroup;
			children = (
				357642162BB4BDB5006DBFAF /* EchoViewDemoUITests.swift */,
				357642182BB4BDB5006DBFAF /* EchoViewDemoUITestsLaunchTests.swift */,
			);
			path = EchoViewDemoUITests;
			sourceTree = "<group>";
		};
/* End PBXGroup section */

/* Begin PBXNativeTarget section */
		357641F72BB4BDB4006DBFAF /* EchoViewDemo */ = {
			isa = PBXNativeTarget;
			buildConfigurationList = 3576421C2BB4BDB5006DBFAF /* Build configuration list for PBXNativeTarget "EchoViewDemo" */;
			buildPhases = (
				357641F42BB4BDB4006DBFAF /* Sources */,
				357641F52BB4BDB4006DBFAF /* Frameworks */,
				357641F62BB4BDB4006DBFAF /* Resources */,
			);
			buildRules = (
			);
			dependencies = (
			);
			name = EchoViewDemo;
			productName = EchoViewDemo;
			productReference = 357641F82BB4BDB4006DBFAF /* EchoViewDemo.app */;
			productType = "com.apple.product-type.application";
		};
		357642072BB4BDB5006DBFAF /* EchoViewDemoTests */ = {
			isa = PBXNativeTarget;
			buildConfigurationList = 3576421F2BB4BDB5006DBFAF /* Build configuration list for PBXNativeTarget "EchoViewDemoTests" */;
			buildPhases = (
				357642042BB4BDB5006DBFAF /* Sources */,
				357642052BB4BDB5006DBFAF /* Frameworks */,
				357642062BB4BDB5006DBFAF /* Resources */,
			);
			buildRules = (
			);
			dependencies = (
				3576420A2BB4BDB5006DBFAF /* PBXTargetDependency */,
			);
			name = EchoViewDemoTests;
			productName = EchoViewDemoTests;
			productReference = 357642082BB4BDB5006DBFAF /* EchoViewDemoTests.xctest */;
			productType = "com.apple.product-type.bundle.unit-test";
		};
		357642112BB4BDB5006DBFAF /* EchoViewDemoUITests */ = {
			isa = PBXNativeTarget;
			buildConfigurationList = 357642222BB4BDB5006DBFAF /* Build configuration list for PBXNativeTarget "EchoViewDemoUITests" */;
			buildPhases = (
				3576420E2BB4BDB5006DBFAF /* Sources */,
				3576420F2BB4BDB5006DBFAF /* Frameworks */,
				357642102BB4BDB5006DBFAF /* Resources */,
			);
			buildRules = (
			);
			dependencies = (
				357642142BB4BDB5006DBFAF /* PBXTargetDependency */,
			);
			name = EchoViewDemoUITests;
			productName = EchoViewDemoUITests;
			productReference = 357642122BB4BDB5006DBFAF /* EchoViewDemoUITests.xctest */;
			productType = "com.apple.product-type.bundle.ui-testing";
		};
/* End PBXNativeTarget section */

/* Begin PBXProject section */
		357641F02BB4BDB4006DBFAF /* Project object */ = {
			isa = PBXProject;
			attributes = {
				BuildIndependentTargetsInParallel = 1;
				LastSwiftUpdateCheck = 1530;
				LastUpgradeCheck = 1530;
				TargetAttributes = {
					357641F72BB4BDB4006DBFAF = {
						CreatedOnToolsVersion = 15.3;
					};
					357642072BB4BDB5006DBFAF = {
						CreatedOnToolsVersion = 15.3;
						TestTargetID = 357641F72BB4BDB4006DBFAF;
					};
					357642112BB4BDB5006DBFAF = {
						CreatedOnToolsVersion = 15.3;
						TestTargetID = 357641F72BB4BDB4006DBFAF;
					};
				};
			};
			buildConfigurationList = 357641F32BB4BDB4006DBFAF /* Build configuration list for PBXProject "EchoViewDemo" */;
			compatibilityVersion = "Xcode 14.0";
			developmentRegion = en;
			hasScannedForEncodings = 0;
			knownRegions = (
				en,
				Base,
			);
			mainGroup = 357641EF2BB4BDB4006DBFAF;
			productRefGroup = 357641F92BB4BDB4006DBFAF /* Products */;
			projectDirPath = "";
			projectRoot = "";
			targets = (
				357641F72BB4BDB4006DBFAF /* EchoViewDemo */,
				357642072BB4BDB5006DBFAF /* EchoViewDemoTests */,
				357642112BB4BDB5006DBFAF /* EchoViewDemoUITests */,
			);
		};
/* End PBXProject section */

/* Begin PBXResourcesBuildPhase section */
		357641F62BB4BDB4006DBFAF /* Resources */ = {
			isa = PBXResourcesBuildPhase;
			buildActionMask = 2147483647;
			files = (
				357642032BB4BDB5006DBFAF /* Preview Assets.xcassets in Resources */,
				357642002BB4BDB5006DBFAF /* Assets.xcassets in Resources */,
			);
			runOnlyForDeploymentPostprocessing = 0;
		};
		357642062BB4BDB5006DBFAF /* Resources */ = {
			isa = PBXResourcesBuildPhase;
			buildActionMask = 2147483647;
			files = (
			);
			runOnlyForDeploymentPostprocessing = 0;
		};
		357642102BB4BDB5006DBFAF /* Resources */ = {
			isa = PBXResourcesBuildPhase;
			buildActionMask = 2147483647;
			files = (
			);
			runOnlyForDeploymentPostprocessing = 0;
		};
/* End PBXResourcesBuildPhase section */

/* Begin PBXSourcesBuildPhase section */
		357641F42BB4BDB4006DBFAF /* Sources */ = {
			isa = PBXSourcesBuildPhase;
			buildActionMask = 2147483647;
			files = (
				357642302BB4BE70006DBFAF /* TranscriptionDetailView.swift in Sources */,
				357641FE2BB4BDB4006DBFAF /* ContentView.swift in Sources */,
				357642322BB4BE7A006DBFAF /* BluetoothManager.swift in Sources */,
				3576422F2BB4BE70006DBFAF /* TranscriptionDetail.swift in Sources */,
				357642372BB4BEE2006DBFAF /* Transcription.xcdatamodeld in Sources */,
				357641FC2BB4BDB4006DBFAF /* EchoViewDemoApp.swift in Sources */,
				3576422C2BB4BE70006DBFAF /* TranscriptionView.swift in Sources */,
				3576422E2BB4BE70006DBFAF /* TranscriptionHistoryView.swift in Sources */,
				357642342BB4BE83006DBFAF /* HomePageView.swift in Sources */,
				3576422D2BB4BE70006DBFAF /* PersistenceController.swift in Sources */,
			);
			runOnlyForDeploymentPostprocessing = 0;
		};
		357642042BB4BDB5006DBFAF /* Sources */ = {
			isa = PBXSourcesBuildPhase;
			buildActionMask = 2147483647;
			files = (
				3576420D2BB4BDB5006DBFAF /* EchoViewDemoTests.swift in Sources */,
			);
			runOnlyForDeploymentPostprocessing = 0;
		};
		3576420E2BB4BDB5006DBFAF /* Sources */ = {
			isa = PBXSourcesBuildPhase;
			buildActionMask = 2147483647;
			files = (
				357642172BB4BDB5006DBFAF /* EchoViewDemoUITests.swift in Sources */,
				357642192BB4BDB5006DBFAF /* EchoViewDemoUITestsLaunchTests.swift in Sources */,
			);
			runOnlyForDeploymentPostprocessing = 0;
		};
/* End PBXSourcesBuildPhase section */

/* Begin PBXTargetDependency section */
		3576420A2BB4BDB5006DBFAF /* PBXTargetDependency */ = {
			isa = PBXTargetDependency;
			target = 357641F72BB4BDB4006DBFAF /* EchoViewDemo */;
			targetProxy = 357642092BB4BDB5006DBFAF /* PBXContainerItemProxy */;
		};
		357642142BB4BDB5006DBFAF /* PBXTargetDependency */ = {
			isa = PBXTargetDependency;
			target = 357641F72BB4BDB4006DBFAF /* EchoViewDemo */;
			targetProxy = 357642132BB4BDB5006DBFAF /* PBXContainerItemProxy */;
		};
/* End PBXTargetDependency section */

/* Begin XCBuildConfiguration section */
		3576421A2BB4BDB5006DBFAF /* Debug */ = {
			isa = XCBuildConfiguration;
			buildSettings = {
				ALWAYS_SEARCH_USER_PATHS = NO;
				ASSETCATALOG_COMPILER_GENERATE_SWIFT_ASSET_SYMBOL_EXTENSIONS = YES;
				CLANG_ANALYZER_NONNULL = YES;
				CLANG_ANALYZER_NUMBER_OBJECT_CONVERSION = YES_AGGRESSIVE;
				CLANG_CXX_LANGUAGE_STANDARD = "gnu++20";
				CLANG_ENABLE_MODULES = YES;
				CLANG_ENABLE_OBJC_ARC = YES;
				CLANG_ENABLE_OBJC_WEAK = YES;
				CLANG_WARN_BLOCK_CAPTURE_AUTORELEASING = YES;
				CLANG_WARN_BOOL_CONVERSION = YES;
				CLANG_WARN_COMMA = YES;
				CLANG_WARN_CONSTANT_CONVERSION = YES;
				CLANG_WARN_DEPRECATED_OBJC_IMPLEMENTATIONS = YES;
				CLANG_WARN_DIRECT_OBJC_ISA_USAGE = YES_ERROR;
				CLANG_WARN_DOCUMENTATION_COMMENTS = YES;
				CLANG_WARN_EMPTY_BODY = YES;
				CLANG_WARN_ENUM_CONVERSION = YES;
				CLANG_WARN_INFINITE_RECURSION = YES;
				CLANG_WARN_INT_CONVERSION = YES;
				CLANG_WARN_NON_LITERAL_NULL_CONVERSION = YES;
				CLANG_WARN_OBJC_IMPLICIT_RETAIN_SELF = YES;
				CLANG_WARN_OBJC_LITERAL_CONVERSION = YES;
				CLANG_WARN_OBJC_ROOT_CLASS = YES_ERROR;
				CLANG_WARN_QUOTED_INCLUDE_IN_FRAMEWORK_HEADER = YES;
				CLANG_WARN_RANGE_LOOP_ANALYSIS = YES;
				CLANG_WARN_STRICT_PROTOTYPES = YES;
				CLANG_WARN_SUSPICIOUS_MOVE = YES;
				CLANG_WARN_UNGUARDED_AVAILABILITY = YES_AGGRESSIVE;
				CLANG_WARN_UNREACHABLE_CODE = YES;
				CLANG_WARN__DUPLICATE_METHOD_MATCH = YES;
				COPY_PHASE_STRIP = NO;
				DEBUG_INFORMATION_FORMAT = dwarf;
				ENABLE_STRICT_OBJC_MSGSEND = YES;
				ENABLE_TESTABILITY = YES;
				ENABLE_USER_SCRIPT_SANDBOXING = YES;
				GCC_C_LANGUAGE_STANDARD = gnu17;
				GCC_DYNAMIC_NO_PIC = NO;
				GCC_NO_COMMON_BLOCKS = YES;
				GCC_OPTIMIZATION_LEVEL = 0;
				GCC_PREPROCESSOR_DEFINITIONS = (
					"DEBUG=1",
					"$(inherited)",
				);
				GCC_WARN_64_TO_32_BIT_CONVERSION = YES;
				GCC_WARN_ABOUT_RETURN_TYPE = YES_ERROR;
				GCC_WARN_UNDECLARED_SELECTOR = YES;
				GCC_WARN_UNINITIALIZED_AUTOS = YES_AGGRESSIVE;
				GCC_WARN_UNUSED_FUNCTION = YES;
				GCC_WARN_UNUSED_VARIABLE = YES;
				IPHONEOS_DEPLOYMENT_TARGET = 17.3;
				LOCALIZATION_PREFERS_STRING_CATALOGS = YES;
				MTL_ENABLE_DEBUG_INFO = INCLUDE_SOURCE;
				MTL_FAST_MATH = YES;
				ONLY_ACTIVE_ARCH = YES;
				SDKROOT = iphoneos;
				SWIFT_ACTIVE_COMPILATION_CONDITIONS = "DEBUG $(inherited)";
				SWIFT_OPTIMIZATION_LEVEL = "-Onone";
			};
			name = Debug;
		};
		3576421B2BB4BDB5006DBFAF /* Release */ = {
			isa = XCBuildConfiguration;
			buildSettings = {
				ALWAYS_SEARCH_USER_PATHS = NO;
				ASSETCATALOG_COMPILER_GENERATE_SWIFT_ASSET_SYMBOL_EXTENSIONS = YES;
				CLANG_ANALYZER_NONNULL = YES;
				CLANG_ANALYZER_NUMBER_OBJECT_CONVERSION = YES_AGGRESSIVE;
				CLANG_CXX_LANGUAGE_STANDARD = "gnu++20";
				CLANG_ENABLE_MODULES = YES;
				CLANG_ENABLE_OBJC_ARC = YES;
				CLANG_ENABLE_OBJC_WEAK = YES;
				CLANG_WARN_BLOCK_CAPTURE_AUTORELEASING = YES;
				CLANG_WARN_BOOL_CONVERSION = YES;
				CLANG_WARN_COMMA = YES;
				CLANG_WARN_CONSTANT_CONVERSION = YES;
				CLANG_WARN_DEPRECATED_OBJC_IMPLEMENTATIONS = YES;
				CLANG_WARN_DIRECT_OBJC_ISA_USAGE = YES_ERROR;
				CLANG_WARN_DOCUMENTATION_COMMENTS = YES;
				CLANG_WARN_EMPTY_BODY = YES;
				CLANG_WARN_ENUM_CONVERSION = YES;
				CLANG_WARN_INFINITE_RECURSION = YES;
				CLANG_WARN_INT_CONVERSION = YES;
				CLANG_WARN_NON_LITERAL_NULL_CONVERSION = YES;
				CLANG_WARN_OBJC_IMPLICIT_RETAIN_SELF = YES;
				CLANG_WARN_OBJC_LITERAL_CONVERSION = YES;
				CLANG_WARN_OBJC_ROOT_CLASS = YES_ERROR;
				CLANG_WARN_QUOTED_INCLUDE_IN_FRAMEWORK_HEADER = YES;
				CLANG_WARN_RANGE_LOOP_ANALYSIS = YES;
				CLANG_WARN_STRICT_PROTOTYPES = YES;
				CLANG_WARN_SUSPICIOUS_MOVE = YES;
				CLANG_WARN_UNGUARDED_AVAILABILITY = YES_AGGRESSIVE;
				CLANG_WARN_UNREACHABLE_CODE = YES;
				CLANG_WARN__DUPLICATE_METHOD_MATCH = YES;
				COPY_PHASE_STRIP = NO;
				DEBUG_INFORMATION_FORMAT = "dwarf-with-dsym";
				ENABLE_NS_ASSERTIONS = NO;
				ENABLE_STRICT_OBJC_MSGSEND = YES;
				ENABLE_USER_SCRIPT_SANDBOXING = YES;
				GCC_C_LANGUAGE_STANDARD = gnu17;
				GCC_NO_COMMON_BLOCKS = YES;
				GCC_WARN_64_TO_32_BIT_CONVERSION = YES;
				GCC_WARN_ABOUT_RETURN_TYPE = YES_ERROR;
				GCC_WARN_UNDECLARED_SELECTOR = YES;
				GCC_WARN_UNINITIALIZED_AUTOS = YES_AGGRESSIVE;
				GCC_WARN_UNUSED_FUNCTION = YES;
				GCC_WARN_UNUSED_VARIABLE = YES;
				IPHONEOS_DEPLOYMENT_TARGET = 17.3;
				LOCALIZATION_PREFERS_STRING_CATALOGS = YES;
				MTL_ENABLE_DEBUG_INFO = NO;
				MTL_FAST_MATH = YES;
				SDKROOT = iphoneos;
				SWIFT_COMPILATION_MODE = wholemodule;
				VALIDATE_PRODUCT = YES;
			};
			name = Release;
		};
		3576421D2BB4BDB5006DBFAF /* Debug */ = {
			isa = XCBuildConfiguration;
			buildSettings = {
				ASSETCATALOG_COMPILER_APPICON_NAME = AppIcon;
				ASSETCATALOG_COMPILER_GLOBAL_ACCENT_COLOR_NAME = AccentColor;
				CODE_SIGN_STYLE = Automatic;
				CURRENT_PROJECT_VERSION = 1;
				DEVELOPMENT_ASSET_PATHS = "\"EchoViewDemo/Preview Content\"";
				DEVELOPMENT_TEAM = VYRJ8BJ4JU;
				ENABLE_PREVIEWS = YES;
				GENERATE_INFOPLIST_FILE = YES;
				INFOPLIST_FILE = EchoViewDemo/Info.plist;
				INFOPLIST_KEY_NSBluetoothAlwaysUsageDescription = "";
				INFOPLIST_KEY_NSBluetoothPeripheralUsageDescription = "";
				INFOPLIST_KEY_NSMicrophoneUsageDescription = "";
				INFOPLIST_KEY_NSSpeechRecognitionUsageDescription = "";
				INFOPLIST_KEY_UIApplicationSceneManifest_Generation = YES;
				INFOPLIST_KEY_UIApplicationSupportsIndirectInputEvents = YES;
				INFOPLIST_KEY_UILaunchScreen_Generation = YES;
				INFOPLIST_KEY_UISupportedInterfaceOrientations_iPad = "UIInterfaceOrientationPortrait UIInterfaceOrientationPortraitUpsideDown UIInterfaceOrientationLandscapeLeft UIInterfaceOrientationLandscapeRight";
				INFOPLIST_KEY_UISupportedInterfaceOrientations_iPhone = "UIInterfaceOrientationPortrait UIInterfaceOrientationLandscapeLeft UIInterfaceOrientationLandscapeRight";
				LD_RUNPATH_SEARCH_PATHS = (
					"$(inherited)",
					"@executable_path/Frameworks",
				);
				MARKETING_VERSION = 1.0;
				PRODUCT_BUNDLE_IDENTIFIER = echoviewai.EchoViewDemo;
				PRODUCT_NAME = "$(TARGET_NAME)";
				SWIFT_EMIT_LOC_STRINGS = YES;
				SWIFT_VERSION = 5.0;
				TARGETED_DEVICE_FAMILY = "1,2";
			};
			name = Debug;
		};
		3576421E2BB4BDB5006DBFAF /* Release */ = {
			isa = XCBuildConfiguration;
			buildSettings = {
				ASSETCATALOG_COMPILER_APPICON_NAME = AppIcon;
				ASSETCATALOG_COMPILER_GLOBAL_ACCENT_COLOR_NAME = AccentColor;
				CODE_SIGN_STYLE = Automatic;
				CURRENT_PROJECT_VERSION = 1;
				DEVELOPMENT_ASSET_PATHS = "\"EchoViewDemo/Preview Content\"";
				DEVELOPMENT_TEAM = VYRJ8BJ4JU;
				ENABLE_PREVIEWS = YES;
				GENERATE_INFOPLIST_FILE = YES;
				INFOPLIST_FILE = EchoViewDemo/Info.plist;
				INFOPLIST_KEY_NSBluetoothAlwaysUsageDescription = "";
				INFOPLIST_KEY_NSBluetoothPeripheralUsageDescription = "";
				INFOPLIST_KEY_NSMicrophoneUsageDescription = "";
				INFOPLIST_KEY_NSSpeechRecognitionUsageDescription = "";
				INFOPLIST_KEY_UIApplicationSceneManifest_Generation = YES;
				INFOPLIST_KEY_UIApplicationSupportsIndirectInputEvents = YES;
				INFOPLIST_KEY_UILaunchScreen_Generation = YES;
				INFOPLIST_KEY_UISupportedInterfaceOrientations_iPad = "UIInterfaceOrientationPortrait UIInterfaceOrientationPortraitUpsideDown UIInterfaceOrientationLandscapeLeft UIInterfaceOrientationLandscapeRight";
				INFOPLIST_KEY_UISupportedInterfaceOrientations_iPhone = "UIInterfaceOrientationPortrait UIInterfaceOrientationLandscapeLeft UIInterfaceOrientationLandscapeRight";
				LD_RUNPATH_SEARCH_PATHS = (
					"$(inherited)",
					"@executable_path/Frameworks",
				);
				MARKETING_VERSION = 1.0;
				PRODUCT_BUNDLE_IDENTIFIER = echoviewai.EchoViewDemo;
				PRODUCT_NAME = "$(TARGET_NAME)";
				SWIFT_EMIT_LOC_STRINGS = YES;
				SWIFT_VERSION = 5.0;
				TARGETED_DEVICE_FAMILY = "1,2";
			};
			name = Release;
		};
		357642202BB4BDB5006DBFAF /* Debug */ = {
			isa = XCBuildConfiguration;
			buildSettings = {
				ALWAYS_EMBED_SWIFT_STANDARD_LIBRARIES = YES;
				BUNDLE_LOADER = "$(TEST_HOST)";
				CODE_SIGN_STYLE = Automatic;
				CURRENT_PROJECT_VERSION = 1;
				DEVELOPMENT_TEAM = VYRJ8BJ4JU;
				GENERATE_INFOPLIST_FILE = YES;
				IPHONEOS_DEPLOYMENT_TARGET = 17.4;
				MARKETING_VERSION = 1.0;
				PRODUCT_BUNDLE_IDENTIFIER = echoviewai.EchoViewDemoTests;
				PRODUCT_NAME = "$(TARGET_NAME)";
				SWIFT_EMIT_LOC_STRINGS = NO;
				SWIFT_VERSION = 5.0;
				TARGETED_DEVICE_FAMILY = "1,2";
				TEST_HOST = "$(BUILT_PRODUCTS_DIR)/EchoViewDemo.app/$(BUNDLE_EXECUTABLE_FOLDER_PATH)/EchoViewDemo";
			};
			name = Debug;
		};
		357642212BB4BDB5006DBFAF /* Release */ = {
			isa = XCBuildConfiguration;
			buildSettings = {
				ALWAYS_EMBED_SWIFT_STANDARD_LIBRARIES = YES;
				BUNDLE_LOADER = "$(TEST_HOST)";
				CODE_SIGN_STYLE = Automatic;
				CURRENT_PROJECT_VERSION = 1;
				DEVELOPMENT_TEAM = VYRJ8BJ4JU;
				GENERATE_INFOPLIST_FILE = YES;
				IPHONEOS_DEPLOYMENT_TARGET = 17.4;
				MARKETING_VERSION = 1.0;
				PRODUCT_BUNDLE_IDENTIFIER = echoviewai.EchoViewDemoTests;
				PRODUCT_NAME = "$(TARGET_NAME)";
				SWIFT_EMIT_LOC_STRINGS = NO;
				SWIFT_VERSION = 5.0;
				TARGETED_DEVICE_FAMILY = "1,2";
				TEST_HOST = "$(BUILT_PRODUCTS_DIR)/EchoViewDemo.app/$(BUNDLE_EXECUTABLE_FOLDER_PATH)/EchoViewDemo";
			};
			name = Release;
		};
		357642232BB4BDB5006DBFAF /* Debug */ = {
			isa = XCBuildConfiguration;
			buildSettings = {
				ALWAYS_EMBED_SWIFT_STANDARD_LIBRARIES = YES;
				CODE_SIGN_STYLE = Automatic;
				CURRENT_PROJECT_VERSION = 1;
				DEVELOPMENT_TEAM = VYRJ8BJ4JU;
				GENERATE_INFOPLIST_FILE = YES;
				MARKETING_VERSION = 1.0;
				PRODUCT_BUNDLE_IDENTIFIER = echoviewai.EchoViewDemoUITests;
				PRODUCT_NAME = "$(TARGET_NAME)";
				SWIFT_EMIT_LOC_STRINGS = NO;
				SWIFT_VERSION = 5.0;
				TARGETED_DEVICE_FAMILY = "1,2";
				TEST_TARGET_NAME = EchoViewDemo;
			};
			name = Debug;
		};
		357642242BB4BDB5006DBFAF /* Release */ = {
			isa = XCBuildConfiguration;
			buildSettings = {
				ALWAYS_EMBED_SWIFT_STANDARD_LIBRARIES = YES;
				CODE_SIGN_STYLE = Automatic;
				CURRENT_PROJECT_VERSION = 1;
				DEVELOPMENT_TEAM = VYRJ8BJ4JU;
				GENERATE_INFOPLIST_FILE = YES;
				MARKETING_VERSION = 1.0;
				PRODUCT_BUNDLE_IDENTIFIER = echoviewai.EchoViewDemoUITests;
				PRODUCT_NAME = "$(TARGET_NAME)";
				SWIFT_EMIT_LOC_STRINGS = NO;
				SWIFT_VERSION = 5.0;
				TARGETED_DEVICE_FAMILY = "1,2";
				TEST_TARGET_NAME = EchoViewDemo;
			};
			name = Release;
		};
/* End XCBuildConfiguration section */

/* Begin XCConfigurationList section */
		357641F32BB4BDB4006DBFAF /* Build configuration list for PBXProject "EchoViewDemo" */ = {
			isa = XCConfigurationList;
			buildConfigurations = (
				3576421A2BB4BDB5006DBFAF /* Debug */,
				3576421B2BB4BDB5006DBFAF /* Release */,
			);
			defaultConfigurationIsVisible = 0;
			defaultConfigurationName = Release;
		};
		3576421C2BB4BDB5006DBFAF /* Build configuration list for PBXNativeTarget "EchoViewDemo" */ = {
			isa = XCConfigurationList;
			buildConfigurations = (
				3576421D2BB4BDB5006DBFAF /* Debug */,
				3576421E2BB4BDB5006DBFAF /* Release */,
			);
			defaultConfigurationIsVisible = 0;
			defaultConfigurationName = Release;
		};
		3576421F2BB4BDB5006DBFAF /* Build configuration list for PBXNativeTarget "EchoViewDemoTests" */ = {
			isa = XCConfigurationList;
			buildConfigurations = (
				357642202BB4BDB5006DBFAF /* Debug */,
				357642212BB4BDB5006DBFAF /* Release */,
			);
			defaultConfigurationIsVisible = 0;
			defaultConfigurationName = Release;
		};
		357642222BB4BDB5006DBFAF /* Build configuration list for PBXNativeTarget "EchoViewDemoUITests" */ = {
			isa = XCConfigurationList;
			buildConfigurations = (
				357642232BB4BDB5006DBFAF /* Debug */,
				357642242BB4BDB5006DBFAF /* Release */,
			);
			defaultConfigurationIsVisible = 0;
			defaultConfigurationName = Release;
		};
/* End XCConfigurationList section */

/* Begin XCVersionGroup section */
		357642352BB4BEE2006DBFAF /* Transcription.xcdatamodeld */ = {
			isa = XCVersionGroup;
			children = (
				357642362BB4BEE2006DBFAF /* Transcription.xcdatamodel */,
			);
			currentVersion = 357642362BB4BEE2006DBFAF /* Transcription.xcdatamodel */;
			name = Transcription.xcdatamodeld;
			path = /Users/nickhardy/Desktop/EchoViewDemo/EchoViewDemo/Transcription.xcdatamodeld;
			sourceTree = "<group>";
			versionGroupType = wrapper.xcdatamodel;
		};
/* End XCVersionGroup section */
	};
	rootObject = 357641F02BB4BDB4006DBFAF /* Project object */;
}
